{
  "version": 4,
  "terraform_version": "1.3.9",
  "serial": 10,
  "lineage": "447d66b6-8239-1863-f047-18522c519b01",
  "outputs": {
    "vpc_id": {
      "value": "vpc-0fac9b0d37dba6e34",
      "type": "string"
    }
  },
  "resources": [
    {
      "module": "module.networking",
      "mode": "managed",
      "type": "aws_vpc",
      "name": "that",
      "provider": "provider[\"registry.terraform.io/hashicorp/aws\"]",
      "instances": [
        {
          "schema_version": 1,
          "attributes": {
            "arn": "arn:aws:ec2:us-west-2:614913853518:vpc/vpc-0fac9b0d37dba6e34",
            "assign_generated_ipv6_cidr_block": false,
            "cidr_block": "10.0.0.0/16",
            "default_network_acl_id": "acl-0e7f20dcdf6419cb6",
            "default_route_table_id": "rtb-0cefd6521787bc29c",
            "default_security_group_id": "sg-0a49e832424f4ebde",
            "dhcp_options_id": "dopt-0941fd0d5d2e3bdce",
            "enable_dns_hostnames": false,
            "enable_dns_support": true,
            "enable_network_address_usage_metrics": false,
            "id": "vpc-0fac9b0d37dba6e34",
            "instance_tenancy": "default",
            "ipv4_ipam_pool_id": null,
            "ipv4_netmask_length": null,
            "ipv6_association_id": "",
            "ipv6_cidr_block": "",
            "ipv6_cidr_block_network_border_group": "",
            "ipv6_ipam_pool_id": "",
            "ipv6_netmask_length": 0,
            "main_route_table_id": "rtb-0cefd6521787bc29c",
            "owner_id": "614913853518",
            "tags": null,
            "tags_all": {}
          },
          "sensitive_attributes": [],
          "private": "eyJzY2hlbWFfdmVyc2lvbiI6IjEifQ=="
        }
      ]
    }
  ],
  "check_results": null
}
